// !$*UTF8*$!
{
	archiveVersion = 1;
	classes = {
	};
	objectVersion = 55;
	objects = {

/* Begin PBXBuildFile section */
		0784D602289DF136009F7D14 /* PostView.swift in Sources */ = {isa = PBXBuildFile; fileRef = 0784D601289DF136009F7D14 /* PostView.swift */; };
		0784D60428A26508009F7D14 /* FeedCell.swift in Sources */ = {isa = PBXBuildFile; fileRef = 0784D60328A26508009F7D14 /* FeedCell.swift */; };
		0784D60728A274F6009F7D14 /* PostGridView.swift in Sources */ = {isa = PBXBuildFile; fileRef = 0784D60628A274F6009F7D14 /* PostGridView.swift */; };
		0784D60928A32AD7009F7D14 /* SearchBar.swift in Sources */ = {isa = PBXBuildFile; fileRef = 0784D60828A32AD7009F7D14 /* SearchBar.swift */; };
		0784D60B28A33282009F7D14 /* Extensions.swift in Sources */ = {isa = PBXBuildFile; fileRef = 0784D60A28A33282009F7D14 /* Extensions.swift */; };
		0784D60D28A34687009F7D14 /* UserListView.swift in Sources */ = {isa = PBXBuildFile; fileRef = 0784D60C28A34687009F7D14 /* UserListView.swift */; };
		0784D60F28A346CA009F7D14 /* UserCell.swift in Sources */ = {isa = PBXBuildFile; fileRef = 0784D60E28A346CA009F7D14 /* UserCell.swift */; };
		0784D61128A36FDD009F7D14 /* NotificationCell.swift in Sources */ = {isa = PBXBuildFile; fileRef = 0784D61028A36FDD009F7D14 /* NotificationCell.swift */; };
		07AF716D28A9EA0600BCCD94 /* ImagePicker.swift in Sources */ = {isa = PBXBuildFile; fileRef = 07AF716C28A9EA0600BCCD94 /* ImagePicker.swift */; };
		07AF716F28AA54A700BCCD94 /* TextArea.swift in Sources */ = {isa = PBXBuildFile; fileRef = 07AF716E28AA54A700BCCD94 /* TextArea.swift */; };
		07AF717128AA5A7B00BCCD94 /* ProfileHeaderView.swift in Sources */ = {isa = PBXBuildFile; fileRef = 07AF717028AA5A7B00BCCD94 /* ProfileHeaderView.swift */; };
		07AF717328AA5BD000BCCD94 /* UserStats.swift in Sources */ = {isa = PBXBuildFile; fileRef = 07AF717228AA5BD000BCCD94 /* UserStats.swift */; };
		07AF717628AB771600BCCD94 /* RegisterView.swift in Sources */ = {isa = PBXBuildFile; fileRef = 07AF717528AB771600BCCD94 /* RegisterView.swift */; };
		07AF717828AB772A00BCCD94 /* SignUpView.swift in Sources */ = {isa = PBXBuildFile; fileRef = 07AF717728AB772A00BCCD94 /* SignUpView.swift */; };
		07AF717A28AB814600BCCD94 /* CustomTextField.swift in Sources */ = {isa = PBXBuildFile; fileRef = 07AF717928AB814600BCCD94 /* CustomTextField.swift */; };
		07AF717C28AB854000BCCD94 /* CustomSecureField.swift in Sources */ = {isa = PBXBuildFile; fileRef = 07AF717B28AB853F00BCCD94 /* CustomSecureField.swift */; };
		07AF717E28ABC81300BCCD94 /* CustomButton.swift in Sources */ = {isa = PBXBuildFile; fileRef = 07AF717D28ABC81300BCCD94 /* CustomButton.swift */; };
		07AF718028ABD60800BCCD94 /* ForgotPasswordView.swift in Sources */ = {isa = PBXBuildFile; fileRef = 07AF717F28ABD60800BCCD94 /* ForgotPasswordView.swift */; };
		07AF718928AC86F200BCCD94 /* AuthViewModel.swift in Sources */ = {isa = PBXBuildFile; fileRef = 07AF718828AC86F200BCCD94 /* AuthViewModel.swift */; };
		07AF719328ACA3A400BCCD94 /* GoogleService-Info.plist in Resources */ = {isa = PBXBuildFile; fileRef = 07AF719228ACA3A400BCCD94 /* GoogleService-Info.plist */; };
		07AF719628AE30F300BCCD94 /* MainTopBarView.swift in Sources */ = {isa = PBXBuildFile; fileRef = 07AF719528AE30F300BCCD94 /* MainTopBarView.swift */; };
		07AF719828AE49B000BCCD94 /* DropDownView.swift in Sources */ = {isa = PBXBuildFile; fileRef = 07AF719728AE49B000BCCD94 /* DropDownView.swift */; };
		07AF719A28AE567800BCCD94 /* LogoDropdown.swift in Sources */ = {isa = PBXBuildFile; fileRef = 07AF719928AE567800BCCD94 /* LogoDropdown.swift */; };
		07FAF4B8289A119400251C9A /* Instagram_CloneApp.swift in Sources */ = {isa = PBXBuildFile; fileRef = 07FAF4B7289A119400251C9A /* Instagram_CloneApp.swift */; };
		07FAF4BA289A119400251C9A /* ContentView.swift in Sources */ = {isa = PBXBuildFile; fileRef = 07FAF4B9289A119400251C9A /* ContentView.swift */; };
		07FAF4BC289A119600251C9A /* Assets.xcassets in Resources */ = {isa = PBXBuildFile; fileRef = 07FAF4BB289A119600251C9A /* Assets.xcassets */; };
		07FAF4BF289A119600251C9A /* Preview Assets.xcassets in Resources */ = {isa = PBXBuildFile; fileRef = 07FAF4BE289A119600251C9A /* Preview Assets.xcassets */; };
		07FAF4C9289A119700251C9A /* Instagram_CloneTests.swift in Sources */ = {isa = PBXBuildFile; fileRef = 07FAF4C8289A119700251C9A /* Instagram_CloneTests.swift */; };
		07FAF4D3289A119700251C9A /* Instagram_CloneUITests.swift in Sources */ = {isa = PBXBuildFile; fileRef = 07FAF4D2289A119700251C9A /* Instagram_CloneUITests.swift */; };
		07FAF4D5289A119700251C9A /* Instagram_CloneUITestsLaunchTests.swift in Sources */ = {isa = PBXBuildFile; fileRef = 07FAF4D4289A119700251C9A /* Instagram_CloneUITestsLaunchTests.swift */; };
		07FAF4E8289A165D00251C9A /* FirebaseAuth in Frameworks */ = {isa = PBXBuildFile; productRef = 07FAF4E7289A165D00251C9A /* FirebaseAuth */; };
		07FAF4EA289A165D00251C9A /* FirebaseDatabase in Frameworks */ = {isa = PBXBuildFile; productRef = 07FAF4E9289A165D00251C9A /* FirebaseDatabase */; };
		07FAF4EC289A165D00251C9A /* FirebaseFirestore in Frameworks */ = {isa = PBXBuildFile; productRef = 07FAF4EB289A165D00251C9A /* FirebaseFirestore */; };
		07FAF4EE289A165D00251C9A /* FirebaseFirestoreSwift in Frameworks */ = {isa = PBXBuildFile; productRef = 07FAF4ED289A165D00251C9A /* FirebaseFirestoreSwift */; };
		07FAF4F0289A165D00251C9A /* FirebaseStorage in Frameworks */ = {isa = PBXBuildFile; productRef = 07FAF4EF289A165D00251C9A /* FirebaseStorage */; };
		07FAF4F2289A165D00251C9A /* FirebaseStorageCombine-Community in Frameworks */ = {isa = PBXBuildFile; productRef = 07FAF4F1289A165D00251C9A /* FirebaseStorageCombine-Community */; };
		07FAF4F5289A170F00251C9A /* Kingfisher in Frameworks */ = {isa = PBXBuildFile; productRef = 07FAF4F4289A170F00251C9A /* Kingfisher */; };
		07FAF4FC289A226400251C9A /* ProfileView.swift in Sources */ = {isa = PBXBuildFile; fileRef = 07FAF4FB289A226400251C9A /* ProfileView.swift */; };
		07FAF4FE289A228100251C9A /* NotificationsView.swift in Sources */ = {isa = PBXBuildFile; fileRef = 07FAF4FD289A228100251C9A /* NotificationsView.swift */; };
		07FAF500289A228B00251C9A /* SearchView.swift in Sources */ = {isa = PBXBuildFile; fileRef = 07FAF4FF289A228B00251C9A /* SearchView.swift */; };
		07FAF502289A22A300251C9A /* FeedView.swift in Sources */ = {isa = PBXBuildFile; fileRef = 07FAF501289A22A300251C9A /* FeedView.swift */; };
		07FAF504289A22B700251C9A /* MainView.swift in Sources */ = {isa = PBXBuildFile; fileRef = 07FAF503289A22B700251C9A /* MainView.swift */; };
/* End PBXBuildFile section */

/* Begin PBXContainerItemProxy section */
		07FAF4C5289A119700251C9A /* PBXContainerItemProxy */ = {
			isa = PBXContainerItemProxy;
			containerPortal = 07FAF4AC289A119400251C9A /* Project object */;
			proxyType = 1;
			remoteGlobalIDString = 07FAF4B3289A119400251C9A;
			remoteInfo = Instagram_Clone;
		};
		07FAF4CF289A119700251C9A /* PBXContainerItemProxy */ = {
			isa = PBXContainerItemProxy;
			containerPortal = 07FAF4AC289A119400251C9A /* Project object */;
			proxyType = 1;
			remoteGlobalIDString = 07FAF4B3289A119400251C9A;
			remoteInfo = Instagram_Clone;
		};
/* End PBXContainerItemProxy section */

/* Begin PBXFileReference section */
		0784D601289DF136009F7D14 /* PostView.swift */ = {isa = PBXFileReference; lastKnownFileType = sourcecode.swift; path = PostView.swift; sourceTree = "<group>"; };
		0784D60328A26508009F7D14 /* FeedCell.swift */ = {isa = PBXFileReference; lastKnownFileType = sourcecode.swift; path = FeedCell.swift; sourceTree = "<group>"; };
		0784D60628A274F6009F7D14 /* PostGridView.swift */ = {isa = PBXFileReference; lastKnownFileType = sourcecode.swift; path = PostGridView.swift; sourceTree = "<group>"; };
		0784D60828A32AD7009F7D14 /* SearchBar.swift */ = {isa = PBXFileReference; lastKnownFileType = sourcecode.swift; path = SearchBar.swift; sourceTree = "<group>"; };
		0784D60A28A33282009F7D14 /* Extensions.swift */ = {isa = PBXFileReference; lastKnownFileType = sourcecode.swift; path = Extensions.swift; sourceTree = "<group>"; };
		0784D60C28A34687009F7D14 /* UserListView.swift */ = {isa = PBXFileReference; lastKnownFileType = sourcecode.swift; path = UserListView.swift; sourceTree = "<group>"; };
		0784D60E28A346CA009F7D14 /* UserCell.swift */ = {isa = PBXFileReference; lastKnownFileType = sourcecode.swift; path = UserCell.swift; sourceTree = "<group>"; };
		0784D61028A36FDD009F7D14 /* NotificationCell.swift */ = {isa = PBXFileReference; lastKnownFileType = sourcecode.swift; path = NotificationCell.swift; sourceTree = "<group>"; };
		07AF716C28A9EA0600BCCD94 /* ImagePicker.swift */ = {isa = PBXFileReference; lastKnownFileType = sourcecode.swift; path = ImagePicker.swift; sourceTree = "<group>"; };
		07AF716E28AA54A700BCCD94 /* TextArea.swift */ = {isa = PBXFileReference; lastKnownFileType = sourcecode.swift; path = TextArea.swift; sourceTree = "<group>"; };
		07AF717028AA5A7B00BCCD94 /* ProfileHeaderView.swift */ = {isa = PBXFileReference; lastKnownFileType = sourcecode.swift; path = ProfileHeaderView.swift; sourceTree = "<group>"; };
		07AF717228AA5BD000BCCD94 /* UserStats.swift */ = {isa = PBXFileReference; lastKnownFileType = sourcecode.swift; path = UserStats.swift; sourceTree = "<group>"; };
		07AF717528AB771600BCCD94 /* RegisterView.swift */ = {isa = PBXFileReference; lastKnownFileType = sourcecode.swift; path = RegisterView.swift; sourceTree = "<group>"; };
		07AF717728AB772A00BCCD94 /* SignUpView.swift */ = {isa = PBXFileReference; lastKnownFileType = sourcecode.swift; path = SignUpView.swift; sourceTree = "<group>"; };
		07AF717928AB814600BCCD94 /* CustomTextField.swift */ = {isa = PBXFileReference; lastKnownFileType = sourcecode.swift; path = CustomTextField.swift; sourceTree = "<group>"; };
		07AF717B28AB853F00BCCD94 /* CustomSecureField.swift */ = {isa = PBXFileReference; lastKnownFileType = sourcecode.swift; path = CustomSecureField.swift; sourceTree = "<group>"; };
		07AF717D28ABC81300BCCD94 /* CustomButton.swift */ = {isa = PBXFileReference; lastKnownFileType = sourcecode.swift; path = CustomButton.swift; sourceTree = "<group>"; };
		07AF717F28ABD60800BCCD94 /* ForgotPasswordView.swift */ = {isa = PBXFileReference; lastKnownFileType = sourcecode.swift; path = ForgotPasswordView.swift; sourceTree = "<group>"; };
		07AF718828AC86F200BCCD94 /* AuthViewModel.swift */ = {isa = PBXFileReference; lastKnownFileType = sourcecode.swift; path = AuthViewModel.swift; sourceTree = "<group>"; };
		07AF719228ACA3A400BCCD94 /* GoogleService-Info.plist */ = {isa = PBXFileReference; fileEncoding = 4; lastKnownFileType = text.plist.xml; path = "GoogleService-Info.plist"; sourceTree = "<group>"; };
		07AF719528AE30F300BCCD94 /* MainTopBarView.swift */ = {isa = PBXFileReference; lastKnownFileType = sourcecode.swift; path = MainTopBarView.swift; sourceTree = "<group>"; };
		07AF719728AE49B000BCCD94 /* DropDownView.swift */ = {isa = PBXFileReference; lastKnownFileType = sourcecode.swift; path = DropDownView.swift; sourceTree = "<group>"; };
		07AF719928AE567800BCCD94 /* LogoDropdown.swift */ = {isa = PBXFileReference; lastKnownFileType = sourcecode.swift; path = LogoDropdown.swift; sourceTree = "<group>"; };
		07FAF4B4289A119400251C9A /* Instagram_Clone.app */ = {isa = PBXFileReference; explicitFileType = wrapper.application; includeInIndex = 0; path = Instagram_Clone.app; sourceTree = BUILT_PRODUCTS_DIR; };
		07FAF4B7289A119400251C9A /* Instagram_CloneApp.swift */ = {isa = PBXFileReference; lastKnownFileType = sourcecode.swift; path = Instagram_CloneApp.swift; sourceTree = "<group>"; };
		07FAF4B9289A119400251C9A /* ContentView.swift */ = {isa = PBXFileReference; lastKnownFileType = sourcecode.swift; path = ContentView.swift; sourceTree = "<group>"; };
		07FAF4BB289A119600251C9A /* Assets.xcassets */ = {isa = PBXFileReference; lastKnownFileType = folder.assetcatalog; path = Assets.xcassets; sourceTree = "<group>"; };
		07FAF4BE289A119600251C9A /* Preview Assets.xcassets */ = {isa = PBXFileReference; lastKnownFileType = folder.assetcatalog; path = "Preview Assets.xcassets"; sourceTree = "<group>"; };
		07FAF4C4289A119700251C9A /* Instagram_CloneTests.xctest */ = {isa = PBXFileReference; explicitFileType = wrapper.cfbundle; includeInIndex = 0; path = Instagram_CloneTests.xctest; sourceTree = BUILT_PRODUCTS_DIR; };
		07FAF4C8289A119700251C9A /* Instagram_CloneTests.swift */ = {isa = PBXFileReference; lastKnownFileType = sourcecode.swift; path = Instagram_CloneTests.swift; sourceTree = "<group>"; };
		07FAF4CE289A119700251C9A /* Instagram_CloneUITests.xctest */ = {isa = PBXFileReference; explicitFileType = wrapper.cfbundle; includeInIndex = 0; path = Instagram_CloneUITests.xctest; sourceTree = BUILT_PRODUCTS_DIR; };
		07FAF4D2289A119700251C9A /* Instagram_CloneUITests.swift */ = {isa = PBXFileReference; lastKnownFileType = sourcecode.swift; path = Instagram_CloneUITests.swift; sourceTree = "<group>"; };
		07FAF4D4289A119700251C9A /* Instagram_CloneUITestsLaunchTests.swift */ = {isa = PBXFileReference; lastKnownFileType = sourcecode.swift; path = Instagram_CloneUITestsLaunchTests.swift; sourceTree = "<group>"; };
		07FAF4FB289A226400251C9A /* ProfileView.swift */ = {isa = PBXFileReference; lastKnownFileType = sourcecode.swift; path = ProfileView.swift; sourceTree = "<group>"; };
		07FAF4FD289A228100251C9A /* NotificationsView.swift */ = {isa = PBXFileReference; lastKnownFileType = sourcecode.swift; path = NotificationsView.swift; sourceTree = "<group>"; };
		07FAF4FF289A228B00251C9A /* SearchView.swift */ = {isa = PBXFileReference; lastKnownFileType = sourcecode.swift; path = SearchView.swift; sourceTree = "<group>"; };
		07FAF501289A22A300251C9A /* FeedView.swift */ = {isa = PBXFileReference; lastKnownFileType = sourcecode.swift; path = FeedView.swift; sourceTree = "<group>"; };
		07FAF503289A22B700251C9A /* MainView.swift */ = {isa = PBXFileReference; lastKnownFileType = sourcecode.swift; path = MainView.swift; sourceTree = "<group>"; };
/* End PBXFileReference section */

/* Begin PBXFrameworksBuildPhase section */
		07FAF4B1289A119400251C9A /* Frameworks */ = {
			isa = PBXFrameworksBuildPhase;
			buildActionMask = 2147483647;
			files = (
				07FAF4EA289A165D00251C9A /* FirebaseDatabase in Frameworks */,
				07FAF4E8289A165D00251C9A /* FirebaseAuth in Frameworks */,
				07FAF4F5289A170F00251C9A /* Kingfisher in Frameworks */,
				07FAF4EC289A165D00251C9A /* FirebaseFirestore in Frameworks */,
				07FAF4F0289A165D00251C9A /* FirebaseStorage in Frameworks */,
				07FAF4F2289A165D00251C9A /* FirebaseStorageCombine-Community in Frameworks */,
				07FAF4EE289A165D00251C9A /* FirebaseFirestoreSwift in Frameworks */,
			);
			runOnlyForDeploymentPostprocessing = 0;
		};
		07FAF4C1289A119700251C9A /* Frameworks */ = {
			isa = PBXFrameworksBuildPhase;
			buildActionMask = 2147483647;
			files = (
			);
			runOnlyForDeploymentPostprocessing = 0;
		};
		07FAF4CB289A119700251C9A /* Frameworks */ = {
			isa = PBXFrameworksBuildPhase;
			buildActionMask = 2147483647;
			files = (
			);
			runOnlyForDeploymentPostprocessing = 0;
		};
/* End PBXFrameworksBuildPhase section */

/* Begin PBXGroup section */
		0784D600289DF10A009F7D14 /* Post */ = {
			isa = PBXGroup;
			children = (
				0784D601289DF136009F7D14 /* PostView.swift */,
			);
			path = Post;
			sourceTree = "<group>";
		};
		0784D60528A274E3009F7D14 /* Items */ = {
			isa = PBXGroup;
			children = (
				0784D60628A274F6009F7D14 /* PostGridView.swift */,
				0784D60C28A34687009F7D14 /* UserListView.swift */,
				0784D60E28A346CA009F7D14 /* UserCell.swift */,
				07AF716E28AA54A700BCCD94 /* TextArea.swift */,
			);
			path = Items;
			sourceTree = "<group>";
		};
		07AF717428AB76FF00BCCD94 /* Authentication */ = {
			isa = PBXGroup;
			children = (
				07AF717528AB771600BCCD94 /* RegisterView.swift */,
				07AF717728AB772A00BCCD94 /* SignUpView.swift */,
				07AF717F28ABD60800BCCD94 /* ForgotPasswordView.swift */,
			);
			path = Authentication;
			sourceTree = "<group>";
		};
		07AF718328AC869D00BCCD94 /* Authentication */ = {
			isa = PBXGroup;
			children = (
				07AF718828AC86F200BCCD94 /* AuthViewModel.swift */,
			);
			path = Authentication;
			sourceTree = "<group>";
		};
		07AF718428AC86A900BCCD94 /* Feed */ = {
			isa = PBXGroup;
			children = (
			);
			path = Feed;
			sourceTree = "<group>";
		};
		07AF718528AC86B100BCCD94 /* Search */ = {
			isa = PBXGroup;
			children = (
			);
			path = Search;
			sourceTree = "<group>";
		};
		07AF718628AC86C200BCCD94 /* Upload */ = {
			isa = PBXGroup;
			children = (
			);
			path = Upload;
			sourceTree = "<group>";
		};
		07AF718728AC86C900BCCD94 /* Profile */ = {
			isa = PBXGroup;
			children = (
			);
			path = Profile;
			sourceTree = "<group>";
		};
		07AF719428AE302500BCCD94 /* TopBarView */ = {
			isa = PBXGroup;
			children = (
				07AF719528AE30F300BCCD94 /* MainTopBarView.swift */,
				07AF719728AE49B000BCCD94 /* DropDownView.swift */,
				07AF719928AE567800BCCD94 /* LogoDropdown.swift */,
			);
			path = TopBarView;
			sourceTree = "<group>";
		};
		07FAF4AB289A119400251C9A = {
			isa = PBXGroup;
			children = (
				07FAF4B6289A119400251C9A /* Instagram_Clone */,
				07FAF4C7289A119700251C9A /* Instagram_CloneTests */,
				07FAF4D1289A119700251C9A /* Instagram_CloneUITests */,
				07FAF4B5289A119400251C9A /* Products */,
			);
			sourceTree = "<group>";
		};
		07FAF4B5289A119400251C9A /* Products */ = {
			isa = PBXGroup;
			children = (
				07FAF4B4289A119400251C9A /* Instagram_Clone.app */,
				07FAF4C4289A119700251C9A /* Instagram_CloneTests.xctest */,
				07FAF4CE289A119700251C9A /* Instagram_CloneUITests.xctest */,
			);
			name = Products;
			sourceTree = "<group>";
		};
		07FAF4B6289A119400251C9A /* Instagram_Clone */ = {
			isa = PBXGroup;
			children = (
				07FAF4E5289A121300251C9A /* API */,
				07FAF4E4289A11FE00251C9A /* Utils */,
				07FAF4E3289A11EE00251C9A /* Model */,
				07FAF4E2289A11E300251C9A /* ViewModel */,
				07FAF4E1289A11D100251C9A /* Views */,
				07FAF4B7289A119400251C9A /* Instagram_CloneApp.swift */,
				07AF719228ACA3A400BCCD94 /* GoogleService-Info.plist */,
				07FAF4BB289A119600251C9A /* Assets.xcassets */,
				07FAF4BD289A119600251C9A /* Preview Content */,
			);
			path = Instagram_Clone;
			sourceTree = "<group>";
		};
		07FAF4BD289A119600251C9A /* Preview Content */ = {
			isa = PBXGroup;
			children = (
				07FAF4BE289A119600251C9A /* Preview Assets.xcassets */,
			);
			path = "Preview Content";
			sourceTree = "<group>";
		};
		07FAF4C7289A119700251C9A /* Instagram_CloneTests */ = {
			isa = PBXGroup;
			children = (
				07FAF4C8289A119700251C9A /* Instagram_CloneTests.swift */,
			);
			path = Instagram_CloneTests;
			sourceTree = "<group>";
		};
		07FAF4D1289A119700251C9A /* Instagram_CloneUITests */ = {
			isa = PBXGroup;
			children = (
				07FAF4D2289A119700251C9A /* Instagram_CloneUITests.swift */,
				07FAF4D4289A119700251C9A /* Instagram_CloneUITestsLaunchTests.swift */,
			);
			path = Instagram_CloneUITests;
			sourceTree = "<group>";
		};
		07FAF4E1289A11D100251C9A /* Views */ = {
			isa = PBXGroup;
			children = (
				07AF719428AE302500BCCD94 /* TopBarView */,
				07AF717428AB76FF00BCCD94 /* Authentication */,
				0784D60528A274E3009F7D14 /* Items */,
				0784D600289DF10A009F7D14 /* Post */,
				07FAF4FA289A222F00251C9A /* Profile */,
				07FAF4F9289A222000251C9A /* Notifications */,
				07FAF4F8289A221300251C9A /* Search */,
				07FAF4F7289A220C00251C9A /* Feed */,
				07FAF4F6289A21FF00251C9A /* Main */,
			);
			path = Views;
			sourceTree = "<group>";
		};
		07FAF4E2289A11E300251C9A /* ViewModel */ = {
			isa = PBXGroup;
			children = (
				07AF718728AC86C900BCCD94 /* Profile */,
				07AF718628AC86C200BCCD94 /* Upload */,
				07AF718528AC86B100BCCD94 /* Search */,
				07AF718428AC86A900BCCD94 /* Feed */,
				07AF718328AC869D00BCCD94 /* Authentication */,
			);
			path = ViewModel;
			sourceTree = "<group>";
		};
		07FAF4E3289A11EE00251C9A /* Model */ = {
			isa = PBXGroup;
			children = (
			);
			path = Model;
			sourceTree = "<group>";
		};
		07FAF4E4289A11FE00251C9A /* Utils */ = {
			isa = PBXGroup;
			children = (
				0784D60A28A33282009F7D14 /* Extensions.swift */,
				07AF716C28A9EA0600BCCD94 /* ImagePicker.swift */,
				07AF717928AB814600BCCD94 /* CustomTextField.swift */,
				07AF717B28AB853F00BCCD94 /* CustomSecureField.swift */,
				07AF717D28ABC81300BCCD94 /* CustomButton.swift */,
			);
			path = Utils;
			sourceTree = "<group>";
		};
		07FAF4E5289A121300251C9A /* API */ = {
			isa = PBXGroup;
			children = (
			);
			path = API;
			sourceTree = "<group>";
		};
		07FAF4F6289A21FF00251C9A /* Main */ = {
			isa = PBXGroup;
			children = (
				07FAF503289A22B700251C9A /* MainView.swift */,
				07FAF4B9289A119400251C9A /* ContentView.swift */,
			);
			path = Main;
			sourceTree = "<group>";
		};
		07FAF4F7289A220C00251C9A /* Feed */ = {
			isa = PBXGroup;
			children = (
				07FAF501289A22A300251C9A /* FeedView.swift */,
				0784D60328A26508009F7D14 /* FeedCell.swift */,
			);
			path = Feed;
			sourceTree = "<group>";
		};
		07FAF4F8289A221300251C9A /* Search */ = {
			isa = PBXGroup;
			children = (
				07FAF4FF289A228B00251C9A /* SearchView.swift */,
				0784D60828A32AD7009F7D14 /* SearchBar.swift */,
			);
			path = Search;
			sourceTree = "<group>";
		};
		07FAF4F9289A222000251C9A /* Notifications */ = {
			isa = PBXGroup;
			children = (
				07FAF4FD289A228100251C9A /* NotificationsView.swift */,
				0784D61028A36FDD009F7D14 /* NotificationCell.swift */,
			);
			path = Notifications;
			sourceTree = "<group>";
		};
		07FAF4FA289A222F00251C9A /* Profile */ = {
			isa = PBXGroup;
			children = (
				07FAF4FB289A226400251C9A /* ProfileView.swift */,
				07AF717028AA5A7B00BCCD94 /* ProfileHeaderView.swift */,
				07AF717228AA5BD000BCCD94 /* UserStats.swift */,
			);
			path = Profile;
			sourceTree = "<group>";
		};
/* End PBXGroup section */

/* Begin PBXNativeTarget section */
		07FAF4B3289A119400251C9A /* Instagram_Clone */ = {
			isa = PBXNativeTarget;
			buildConfigurationList = 07FAF4D8289A119700251C9A /* Build configuration list for PBXNativeTarget "Instagram_Clone" */;
			buildPhases = (
				07FAF4B0289A119400251C9A /* Sources */,
				07FAF4B1289A119400251C9A /* Frameworks */,
				07FAF4B2289A119400251C9A /* Resources */,
			);
			buildRules = (
			);
			dependencies = (
			);
			name = Instagram_Clone;
			packageProductDependencies = (
				07FAF4E7289A165D00251C9A /* FirebaseAuth */,
				07FAF4E9289A165D00251C9A /* FirebaseDatabase */,
				07FAF4EB289A165D00251C9A /* FirebaseFirestore */,
				07FAF4ED289A165D00251C9A /* FirebaseFirestoreSwift */,
				07FAF4EF289A165D00251C9A /* FirebaseStorage */,
				07FAF4F1289A165D00251C9A /* FirebaseStorageCombine-Community */,
				07FAF4F4289A170F00251C9A /* Kingfisher */,
			);
			productName = Instagram_Clone;
			productReference = 07FAF4B4289A119400251C9A /* Instagram_Clone.app */;
			productType = "com.apple.product-type.application";
		};
		07FAF4C3289A119700251C9A /* Instagram_CloneTests */ = {
			isa = PBXNativeTarget;
			buildConfigurationList = 07FAF4DB289A119700251C9A /* Build configuration list for PBXNativeTarget "Instagram_CloneTests" */;
			buildPhases = (
				07FAF4C0289A119700251C9A /* Sources */,
				07FAF4C1289A119700251C9A /* Frameworks */,
				07FAF4C2289A119700251C9A /* Resources */,
			);
			buildRules = (
			);
			dependencies = (
				07FAF4C6289A119700251C9A /* PBXTargetDependency */,
			);
			name = Instagram_CloneTests;
			productName = Instagram_CloneTests;
			productReference = 07FAF4C4289A119700251C9A /* Instagram_CloneTests.xctest */;
			productType = "com.apple.product-type.bundle.unit-test";
		};
		07FAF4CD289A119700251C9A /* Instagram_CloneUITests */ = {
			isa = PBXNativeTarget;
			buildConfigurationList = 07FAF4DE289A119700251C9A /* Build configuration list for PBXNativeTarget "Instagram_CloneUITests" */;
			buildPhases = (
				07FAF4CA289A119700251C9A /* Sources */,
				07FAF4CB289A119700251C9A /* Frameworks */,
				07FAF4CC289A119700251C9A /* Resources */,
			);
			buildRules = (
			);
			dependencies = (
				07FAF4D0289A119700251C9A /* PBXTargetDependency */,
			);
			name = Instagram_CloneUITests;
			productName = Instagram_CloneUITests;
			productReference = 07FAF4CE289A119700251C9A /* Instagram_CloneUITests.xctest */;
			productType = "com.apple.product-type.bundle.ui-testing";
		};
/* End PBXNativeTarget section */

/* Begin PBXProject section */
		07FAF4AC289A119400251C9A /* Project object */ = {
			isa = PBXProject;
			attributes = {
				BuildIndependentTargetsInParallel = 1;
				LastSwiftUpdateCheck = 1340;
				LastUpgradeCheck = 1340;
				TargetAttributes = {
					07FAF4B3289A119400251C9A = {
						CreatedOnToolsVersion = 13.4.1;
					};
					07FAF4C3289A119700251C9A = {
						CreatedOnToolsVersion = 13.4.1;
						TestTargetID = 07FAF4B3289A119400251C9A;
					};
					07FAF4CD289A119700251C9A = {
						CreatedOnToolsVersion = 13.4.1;
						TestTargetID = 07FAF4B3289A119400251C9A;
					};
				};
			};
			buildConfigurationList = 07FAF4AF289A119400251C9A /* Build configuration list for PBXProject "Instagram_Clone" */;
			compatibilityVersion = "Xcode 13.0";
			developmentRegion = en;
			hasScannedForEncodings = 0;
			knownRegions = (
				en,
				Base,
			);
			mainGroup = 07FAF4AB289A119400251C9A;
			packageReferences = (
				07FAF4E6289A165D00251C9A /* XCRemoteSwiftPackageReference "firebase-ios-sdk" */,
				07FAF4F3289A170F00251C9A /* XCRemoteSwiftPackageReference "Kingfisher" */,
			);
			productRefGroup = 07FAF4B5289A119400251C9A /* Products */;
			projectDirPath = "";
			projectRoot = "";
			targets = (
				07FAF4B3289A119400251C9A /* Instagram_Clone */,
				07FAF4C3289A119700251C9A /* Instagram_CloneTests */,
				07FAF4CD289A119700251C9A /* Instagram_CloneUITests */,
			);
		};
/* End PBXProject section */

/* Begin PBXResourcesBuildPhase section */
		07FAF4B2289A119400251C9A /* Resources */ = {
			isa = PBXResourcesBuildPhase;
			buildActionMask = 2147483647;
			files = (
				07FAF4BF289A119600251C9A /* Preview Assets.xcassets in Resources */,
				07FAF4BC289A119600251C9A /* Assets.xcassets in Resources */,
				07AF719328ACA3A400BCCD94 /* GoogleService-Info.plist in Resources */,
			);
			runOnlyForDeploymentPostprocessing = 0;
		};
		07FAF4C2289A119700251C9A /* Resources */ = {
			isa = PBXResourcesBuildPhase;
			buildActionMask = 2147483647;
			files = (
			);
			runOnlyForDeploymentPostprocessing = 0;
		};
		07FAF4CC289A119700251C9A /* Resources */ = {
			isa = PBXResourcesBuildPhase;
			buildActionMask = 2147483647;
			files = (
			);
			runOnlyForDeploymentPostprocessing = 0;
		};
/* End PBXResourcesBuildPhase section */

/* Begin PBXSourcesBuildPhase section */
		07FAF4B0289A119400251C9A /* Sources */ = {
			isa = PBXSourcesBuildPhase;
			buildActionMask = 2147483647;
			files = (
				07FAF500289A228B00251C9A /* SearchView.swift in Sources */,
				07AF717628AB771600BCCD94 /* RegisterView.swift in Sources */,
				07FAF504289A22B700251C9A /* MainView.swift in Sources */,
				0784D602289DF136009F7D14 /* PostView.swift in Sources */,
				07FAF4BA289A119400251C9A /* ContentView.swift in Sources */,
				07FAF4FC289A226400251C9A /* ProfileView.swift in Sources */,
				07FAF4B8289A119400251C9A /* Instagram_CloneApp.swift in Sources */,
				07AF719A28AE567800BCCD94 /* LogoDropdown.swift in Sources */,
				0784D60F28A346CA009F7D14 /* UserCell.swift in Sources */,
				07FAF502289A22A300251C9A /* FeedView.swift in Sources */,
				0784D60B28A33282009F7D14 /* Extensions.swift in Sources */,
				07AF717828AB772A00BCCD94 /* SignUpView.swift in Sources */,
				07FAF4FE289A228100251C9A /* NotificationsView.swift in Sources */,
				07AF717A28AB814600BCCD94 /* CustomTextField.swift in Sources */,
				07AF716F28AA54A700BCCD94 /* TextArea.swift in Sources */,
				0784D60728A274F6009F7D14 /* PostGridView.swift in Sources */,
				07AF717328AA5BD000BCCD94 /* UserStats.swift in Sources */,
				0784D60928A32AD7009F7D14 /* SearchBar.swift in Sources */,
				07AF719828AE49B000BCCD94 /* DropDownView.swift in Sources */,
				07AF719628AE30F300BCCD94 /* MainTopBarView.swift in Sources */,
				07AF717128AA5A7B00BCCD94 /* ProfileHeaderView.swift in Sources */,
				07AF718028ABD60800BCCD94 /* ForgotPasswordView.swift in Sources */,
				0784D60428A26508009F7D14 /* FeedCell.swift in Sources */,
				07AF717C28AB854000BCCD94 /* CustomSecureField.swift in Sources */,
				07AF717E28ABC81300BCCD94 /* CustomButton.swift in Sources */,
				07AF716D28A9EA0600BCCD94 /* ImagePicker.swift in Sources */,
				0784D61128A36FDD009F7D14 /* NotificationCell.swift in Sources */,
				07AF718928AC86F200BCCD94 /* AuthViewModel.swift in Sources */,
				0784D60D28A34687009F7D14 /* UserListView.swift in Sources */,
			);
			runOnlyForDeploymentPostprocessing = 0;
		};
		07FAF4C0289A119700251C9A /* Sources */ = {
			isa = PBXSourcesBuildPhase;
			buildActionMask = 2147483647;
			files = (
				07FAF4C9289A119700251C9A /* Instagram_CloneTests.swift in Sources */,
			);
			runOnlyForDeploymentPostprocessing = 0;
		};
		07FAF4CA289A119700251C9A /* Sources */ = {
			isa = PBXSourcesBuildPhase;
			buildActionMask = 2147483647;
			files = (
				07FAF4D3289A119700251C9A /* Instagram_CloneUITests.swift in Sources */,
				07FAF4D5289A119700251C9A /* Instagram_CloneUITestsLaunchTests.swift in Sources */,
			);
			runOnlyForDeploymentPostprocessing = 0;
		};
/* End PBXSourcesBuildPhase section */

/* Begin PBXTargetDependency section */
		07FAF4C6289A119700251C9A /* PBXTargetDependency */ = {
			isa = PBXTargetDependency;
			target = 07FAF4B3289A119400251C9A /* Instagram_Clone */;
			targetProxy = 07FAF4C5289A119700251C9A /* PBXContainerItemProxy */;
		};
		07FAF4D0289A119700251C9A /* PBXTargetDependency */ = {
			isa = PBXTargetDependency;
			target = 07FAF4B3289A119400251C9A /* Instagram_Clone */;
			targetProxy = 07FAF4CF289A119700251C9A /* PBXContainerItemProxy */;
		};
/* End PBXTargetDependency section */

/* Begin XCBuildConfiguration section */
		07FAF4D6289A119700251C9A /* Debug */ = {
			isa = XCBuildConfiguration;
			buildSettings = {
				ALWAYS_SEARCH_USER_PATHS = NO;
				CLANG_ANALYZER_NONNULL = YES;
				CLANG_ANALYZER_NUMBER_OBJECT_CONVERSION = YES_AGGRESSIVE;
				CLANG_CXX_LANGUAGE_STANDARD = "gnu++17";
				CLANG_ENABLE_MODULES = YES;
				CLANG_ENABLE_OBJC_ARC = YES;
				CLANG_ENABLE_OBJC_WEAK = YES;
				CLANG_WARN_BLOCK_CAPTURE_AUTORELEASING = YES;
				CLANG_WARN_BOOL_CONVERSION = YES;
				CLANG_WARN_COMMA = YES;
				CLANG_WARN_CONSTANT_CONVERSION = YES;
				CLANG_WARN_DEPRECATED_OBJC_IMPLEMENTATIONS = YES;
				CLANG_WARN_DIRECT_OBJC_ISA_USAGE = YES_ERROR;
				CLANG_WARN_DOCUMENTATION_COMMENTS = YES;
				CLANG_WARN_EMPTY_BODY = YES;
				CLANG_WARN_ENUM_CONVERSION = YES;
				CLANG_WARN_INFINITE_RECURSION = YES;
				CLANG_WARN_INT_CONVERSION = YES;
				CLANG_WARN_NON_LITERAL_NULL_CONVERSION = YES;
				CLANG_WARN_OBJC_IMPLICIT_RETAIN_SELF = YES;
				CLANG_WARN_OBJC_LITERAL_CONVERSION = YES;
				CLANG_WARN_OBJC_ROOT_CLASS = YES_ERROR;
				CLANG_WARN_QUOTED_INCLUDE_IN_FRAMEWORK_HEADER = YES;
				CLANG_WARN_RANGE_LOOP_ANALYSIS = YES;
				CLANG_WARN_STRICT_PROTOTYPES = YES;
				CLANG_WARN_SUSPICIOUS_MOVE = YES;
				CLANG_WARN_UNGUARDED_AVAILABILITY = YES_AGGRESSIVE;
				CLANG_WARN_UNREACHABLE_CODE = YES;
				CLANG_WARN__DUPLICATE_METHOD_MATCH = YES;
				COPY_PHASE_STRIP = NO;
				DEBUG_INFORMATION_FORMAT = dwarf;
				ENABLE_STRICT_OBJC_MSGSEND = YES;
				ENABLE_TESTABILITY = YES;
				GCC_C_LANGUAGE_STANDARD = gnu11;
				GCC_DYNAMIC_NO_PIC = NO;
				GCC_NO_COMMON_BLOCKS = YES;
				GCC_OPTIMIZATION_LEVEL = 0;
				GCC_PREPROCESSOR_DEFINITIONS = (
					"DEBUG=1",
					"$(inherited)",
				);
				GCC_WARN_64_TO_32_BIT_CONVERSION = YES;
				GCC_WARN_ABOUT_RETURN_TYPE = YES_ERROR;
				GCC_WARN_UNDECLARED_SELECTOR = YES;
				GCC_WARN_UNINITIALIZED_AUTOS = YES_AGGRESSIVE;
				GCC_WARN_UNUSED_FUNCTION = YES;
				GCC_WARN_UNUSED_VARIABLE = YES;
				IPHONEOS_DEPLOYMENT_TARGET = 15.5;
				MTL_ENABLE_DEBUG_INFO = INCLUDE_SOURCE;
				MTL_FAST_MATH = YES;
				ONLY_ACTIVE_ARCH = YES;
				SDKROOT = iphoneos;
				SWIFT_ACTIVE_COMPILATION_CONDITIONS = DEBUG;
				SWIFT_OPTIMIZATION_LEVEL = "-Onone";
			};
			name = Debug;
		};
		07FAF4D7289A119700251C9A /* Release */ = {
			isa = XCBuildConfiguration;
			buildSettings = {
				ALWAYS_SEARCH_USER_PATHS = NO;
				CLANG_ANALYZER_NONNULL = YES;
				CLANG_ANALYZER_NUMBER_OBJECT_CONVERSION = YES_AGGRESSIVE;
				CLANG_CXX_LANGUAGE_STANDARD = "gnu++17";
				CLANG_ENABLE_MODULES = YES;
				CLANG_ENABLE_OBJC_ARC = YES;
				CLANG_ENABLE_OBJC_WEAK = YES;
				CLANG_WARN_BLOCK_CAPTURE_AUTORELEASING = YES;
				CLANG_WARN_BOOL_CONVERSION = YES;
				CLANG_WARN_COMMA = YES;
				CLANG_WARN_CONSTANT_CONVERSION = YES;
				CLANG_WARN_DEPRECATED_OBJC_IMPLEMENTATIONS = YES;
				CLANG_WARN_DIRECT_OBJC_ISA_USAGE = YES_ERROR;
				CLANG_WARN_DOCUMENTATION_COMMENTS = YES;
				CLANG_WARN_EMPTY_BODY = YES;
				CLANG_WARN_ENUM_CONVERSION = YES;
				CLANG_WARN_INFINITE_RECURSION = YES;
				CLANG_WARN_INT_CONVERSION = YES;
				CLANG_WARN_NON_LITERAL_NULL_CONVERSION = YES;
				CLANG_WARN_OBJC_IMPLICIT_RETAIN_SELF = YES;
				CLANG_WARN_OBJC_LITERAL_CONVERSION = YES;
				CLANG_WARN_OBJC_ROOT_CLASS = YES_ERROR;
				CLANG_WARN_QUOTED_INCLUDE_IN_FRAMEWORK_HEADER = YES;
				CLANG_WARN_RANGE_LOOP_ANALYSIS = YES;
				CLANG_WARN_STRICT_PROTOTYPES = YES;
				CLANG_WARN_SUSPICIOUS_MOVE = YES;
				CLANG_WARN_UNGUARDED_AVAILABILITY = YES_AGGRESSIVE;
				CLANG_WARN_UNREACHABLE_CODE = YES;
				CLANG_WARN__DUPLICATE_METHOD_MATCH = YES;
				COPY_PHASE_STRIP = NO;
				DEBUG_INFORMATION_FORMAT = "dwarf-with-dsym";
				ENABLE_NS_ASSERTIONS = NO;
				ENABLE_STRICT_OBJC_MSGSEND = YES;
				GCC_C_LANGUAGE_STANDARD = gnu11;
				GCC_NO_COMMON_BLOCKS = YES;
				GCC_WARN_64_TO_32_BIT_CONVERSION = YES;
				GCC_WARN_ABOUT_RETURN_TYPE = YES_ERROR;
				GCC_WARN_UNDECLARED_SELECTOR = YES;
				GCC_WARN_UNINITIALIZED_AUTOS = YES_AGGRESSIVE;
				GCC_WARN_UNUSED_FUNCTION = YES;
				GCC_WARN_UNUSED_VARIABLE = YES;
				IPHONEOS_DEPLOYMENT_TARGET = 15.5;
				MTL_ENABLE_DEBUG_INFO = NO;
				MTL_FAST_MATH = YES;
				SDKROOT = iphoneos;
				SWIFT_COMPILATION_MODE = wholemodule;
				SWIFT_OPTIMIZATION_LEVEL = "-O";
				VALIDATE_PRODUCT = YES;
			};
			name = Release;
		};
		07FAF4D9289A119700251C9A /* Debug */ = {
			isa = XCBuildConfiguration;
			buildSettings = {
				ASSETCATALOG_COMPILER_APPICON_NAME = AppIcon;
				ASSETCATALOG_COMPILER_GLOBAL_ACCENT_COLOR_NAME = AccentColor;
				CODE_SIGN_STYLE = Automatic;
				CURRENT_PROJECT_VERSION = 1;
				DEVELOPMENT_ASSET_PATHS = "\"Instagram_Clone/Preview Content\"";
				DEVELOPMENT_TEAM = 56CR9G24MM;
				ENABLE_PREVIEWS = YES;
				GENERATE_INFOPLIST_FILE = YES;
				INFOPLIST_KEY_UIApplicationSceneManifest_Generation = YES;
				INFOPLIST_KEY_UIApplicationSupportsIndirectInputEvents = YES;
				INFOPLIST_KEY_UILaunchScreen_Generation = YES;
				INFOPLIST_KEY_UISupportedInterfaceOrientations_iPad = "UIInterfaceOrientationPortrait UIInterfaceOrientationPortraitUpsideDown UIInterfaceOrientationLandscapeLeft UIInterfaceOrientationLandscapeRight";
				INFOPLIST_KEY_UISupportedInterfaceOrientations_iPhone = "UIInterfaceOrientationPortrait UIInterfaceOrientationLandscapeLeft UIInterfaceOrientationLandscapeRight";
				LD_RUNPATH_SEARCH_PATHS = (
					"$(inherited)",
					"@executable_path/Frameworks",
				);
				MARKETING_VERSION = 1.0;
				PRODUCT_BUNDLE_IDENTIFIER = "com.instagram.Instagram-Clone";
				PRODUCT_NAME = "$(TARGET_NAME)";
				SWIFT_EMIT_LOC_STRINGS = YES;
				SWIFT_VERSION = 5.0;
				TARGETED_DEVICE_FAMILY = "1,2";
			};
			name = Debug;
		};
		07FAF4DA289A119700251C9A /* Release */ = {
			isa = XCBuildConfiguration;
			buildSettings = {
				ASSETCATALOG_COMPILER_APPICON_NAME = AppIcon;
				ASSETCATALOG_COMPILER_GLOBAL_ACCENT_COLOR_NAME = AccentColor;
				CODE_SIGN_STYLE = Automatic;
				CURRENT_PROJECT_VERSION = 1;
				DEVELOPMENT_ASSET_PATHS = "\"Instagram_Clone/Preview Content\"";
				DEVELOPMENT_TEAM = 56CR9G24MM;
				ENABLE_PREVIEWS = YES;
				GENERATE_INFOPLIST_FILE = YES;
				INFOPLIST_KEY_UIApplicationSceneManifest_Generation = YES;
				INFOPLIST_KEY_UIApplicationSupportsIndirectInputEvents = YES;
				INFOPLIST_KEY_UILaunchScreen_Generation = YES;
				INFOPLIST_KEY_UISupportedInterfaceOrientations_iPad = "UIInterfaceOrientationPortrait UIInterfaceOrientationPortraitUpsideDown UIInterfaceOrientationLandscapeLeft UIInterfaceOrientationLandscapeRight";
				INFOPLIST_KEY_UISupportedInterfaceOrientations_iPhone = "UIInterfaceOrientationPortrait UIInterfaceOrientationLandscapeLeft UIInterfaceOrientationLandscapeRight";
				LD_RUNPATH_SEARCH_PATHS = (
					"$(inherited)",
					"@executable_path/Frameworks",
				);
				MARKETING_VERSION = 1.0;
				PRODUCT_BUNDLE_IDENTIFIER = "com.instagram.Instagram-Clone";
				PRODUCT_NAME = "$(TARGET_NAME)";
				SWIFT_EMIT_LOC_STRINGS = YES;
				SWIFT_VERSION = 5.0;
				TARGETED_DEVICE_FAMILY = "1,2";
			};
			name = Release;
		};
		07FAF4DC289A119700251C9A /* Debug */ = {
			isa = XCBuildConfiguration;
			buildSettings = {
				ALWAYS_EMBED_SWIFT_STANDARD_LIBRARIES = YES;
				BUNDLE_LOADER = "$(TEST_HOST)";
				CODE_SIGN_STYLE = Automatic;
				CURRENT_PROJECT_VERSION = 1;
				DEVELOPMENT_TEAM = 56CR9G24MM;
				GENERATE_INFOPLIST_FILE = YES;
				IPHONEOS_DEPLOYMENT_TARGET = 15.5;
				MARKETING_VERSION = 1.0;
				PRODUCT_BUNDLE_IDENTIFIER = "com.instagram.Instagram-CloneTests";
				PRODUCT_NAME = "$(TARGET_NAME)";
				SWIFT_EMIT_LOC_STRINGS = NO;
				SWIFT_VERSION = 5.0;
				TARGETED_DEVICE_FAMILY = "1,2";
				TEST_HOST = "$(BUILT_PRODUCTS_DIR)/Instagram_Clone.app/Instagram_Clone";
			};
			name = Debug;
		};
		07FAF4DD289A119700251C9A /* Release */ = {
			isa = XCBuildConfiguration;
			buildSettings = {
				ALWAYS_EMBED_SWIFT_STANDARD_LIBRARIES = YES;
				BUNDLE_LOADER = "$(TEST_HOST)";
				CODE_SIGN_STYLE = Automatic;
				CURRENT_PROJECT_VERSION = 1;
				DEVELOPMENT_TEAM = 56CR9G24MM;
				GENERATE_INFOPLIST_FILE = YES;
				IPHONEOS_DEPLOYMENT_TARGET = 15.5;
				MARKETING_VERSION = 1.0;
				PRODUCT_BUNDLE_IDENTIFIER = "com.instagram.Instagram-CloneTests";
				PRODUCT_NAME = "$(TARGET_NAME)";
				SWIFT_EMIT_LOC_STRINGS = NO;
				SWIFT_VERSION = 5.0;
				TARGETED_DEVICE_FAMILY = "1,2";
				TEST_HOST = "$(BUILT_PRODUCTS_DIR)/Instagram_Clone.app/Instagram_Clone";
			};
			name = Release;
		};
		07FAF4DF289A119700251C9A /* Debug */ = {
			isa = XCBuildConfiguration;
			buildSettings = {
				ALWAYS_EMBED_SWIFT_STANDARD_LIBRARIES = YES;
				CODE_SIGN_STYLE = Automatic;
				CURRENT_PROJECT_VERSION = 1;
				DEVELOPMENT_TEAM = 56CR9G24MM;
				GENERATE_INFOPLIST_FILE = YES;
				MARKETING_VERSION = 1.0;
				PRODUCT_BUNDLE_IDENTIFIER = "com.instagram.Instagram-CloneUITests";
				PRODUCT_NAME = "$(TARGET_NAME)";
				SWIFT_EMIT_LOC_STRINGS = NO;
				SWIFT_VERSION = 5.0;
				TARGETED_DEVICE_FAMILY = "1,2";
				TEST_TARGET_NAME = Instagram_Clone;
			};
			name = Debug;
		};
		07FAF4E0289A119700251C9A /* Release */ = {
			isa = XCBuildConfiguration;
			buildSettings = {
				ALWAYS_EMBED_SWIFT_STANDARD_LIBRARIES = YES;
				CODE_SIGN_STYLE = Automatic;
				CURRENT_PROJECT_VERSION = 1;
				DEVELOPMENT_TEAM = 56CR9G24MM;
				GENERATE_INFOPLIST_FILE = YES;
				MARKETING_VERSION = 1.0;
				PRODUCT_BUNDLE_IDENTIFIER = "com.instagram.Instagram-CloneUITests";
				PRODUCT_NAME = "$(TARGET_NAME)";
				SWIFT_EMIT_LOC_STRINGS = NO;
				SWIFT_VERSION = 5.0;
				TARGETED_DEVICE_FAMILY = "1,2";
				TEST_TARGET_NAME = Instagram_Clone;
			};
			name = Release;
		};
/* End XCBuildConfiguration section */

/* Begin XCConfigurationList section */
		07FAF4AF289A119400251C9A /* Build configuration list for PBXProject "Instagram_Clone" */ = {
			isa = XCConfigurationList;
			buildConfigurations = (
				07FAF4D6289A119700251C9A /* Debug */,
				07FAF4D7289A119700251C9A /* Release */,
			);
			defaultConfigurationIsVisible = 0;
			defaultConfigurationName = Release;
		};
		07FAF4D8289A119700251C9A /* Build configuration list for PBXNativeTarget "Instagram_Clone" */ = {
			isa = XCConfigurationList;
			buildConfigurations = (
				07FAF4D9289A119700251C9A /* Debug */,
				07FAF4DA289A119700251C9A /* Release */,
			);
			defaultConfigurationIsVisible = 0;
			defaultConfigurationName = Release;
		};
		07FAF4DB289A119700251C9A /* Build configuration list for PBXNativeTarget "Instagram_CloneTests" */ = {
			isa = XCConfigurationList;
			buildConfigurations = (
				07FAF4DC289A119700251C9A /* Debug */,
				07FAF4DD289A119700251C9A /* Release */,
			);
			defaultConfigurationIsVisible = 0;
			defaultConfigurationName = Release;
		};
		07FAF4DE289A119700251C9A /* Build configuration list for PBXNativeTarget "Instagram_CloneUITests" */ = {
			isa = XCConfigurationList;
			buildConfigurations = (
				07FAF4DF289A119700251C9A /* Debug */,
				07FAF4E0289A119700251C9A /* Release */,
			);
			defaultConfigurationIsVisible = 0;
			defaultConfigurationName = Release;
		};
/* End XCConfigurationList section */

/* Begin XCRemoteSwiftPackageReference section */
		07FAF4E6289A165D00251C9A /* XCRemoteSwiftPackageReference "firebase-ios-sdk" */ = {
			isa = XCRemoteSwiftPackageReference;
			repositoryURL = "https://github.com/firebase/firebase-ios-sdk.git";
			requirement = {
				kind = upToNextMajorVersion;
				minimumVersion = 9.0.0;
			};
		};
		07FAF4F3289A170F00251C9A /* XCRemoteSwiftPackageReference "Kingfisher" */ = {
			isa = XCRemoteSwiftPackageReference;
			repositoryURL = "https://github.com/onevcat/Kingfisher.git";
			requirement = {
				branch = master;
				kind = branch;
			};
		};
/* End XCRemoteSwiftPackageReference section */

/* Begin XCSwiftPackageProductDependency section */
		07FAF4E7289A165D00251C9A /* FirebaseAuth */ = {
			isa = XCSwiftPackageProductDependency;
			package = 07FAF4E6289A165D00251C9A /* XCRemoteSwiftPackageReference "firebase-ios-sdk" */;
			productName = FirebaseAuth;
		};
		07FAF4E9289A165D00251C9A /* FirebaseDatabase */ = {
			isa = XCSwiftPackageProductDependency;
			package = 07FAF4E6289A165D00251C9A /* XCRemoteSwiftPackageReference "firebase-ios-sdk" */;
			productName = FirebaseDatabase;
		};
		07FAF4EB289A165D00251C9A /* FirebaseFirestore */ = {
			isa = XCSwiftPackageProductDependency;
			package = 07FAF4E6289A165D00251C9A /* XCRemoteSwiftPackageReference "firebase-ios-sdk" */;
			productName = FirebaseFirestore;
		};
		07FAF4ED289A165D00251C9A /* FirebaseFirestoreSwift */ = {
			isa = XCSwiftPackageProductDependency;
			package = 07FAF4E6289A165D00251C9A /* XCRemoteSwiftPackageReference "firebase-ios-sdk" */;
			productName = FirebaseFirestoreSwift;
		};
		07FAF4EF289A165D00251C9A /* FirebaseStorage */ = {
			isa = XCSwiftPackageProductDependency;
			package = 07FAF4E6289A165D00251C9A /* XCRemoteSwiftPackageReference "firebase-ios-sdk" */;
			productName = FirebaseStorage;
		};
		07FAF4F1289A165D00251C9A /* FirebaseStorageCombine-Community */ = {
			isa = XCSwiftPackageProductDependency;
			package = 07FAF4E6289A165D00251C9A /* XCRemoteSwiftPackageReference "firebase-ios-sdk" */;
			productName = "FirebaseStorageCombine-Community";
		};
		07FAF4F4289A170F00251C9A /* Kingfisher */ = {
			isa = XCSwiftPackageProductDependency;
			package = 07FAF4F3289A170F00251C9A /* XCRemoteSwiftPackageReference "Kingfisher" */;
			productName = Kingfisher;
		};
/* End XCSwiftPackageProductDependency section */
	};
	rootObject = 07FAF4AC289A119400251C9A /* Project object */;
}
